// !$*UTF8*$!
{
	archiveVersion = 1;
	classes = {
	};
	objectVersion = 46;
	objects = {

/* Begin PBXBuildFile section */
		3B8490411A0956B600CC6FD0 /* AppDelegate.swift in Sources */ = {isa = PBXBuildFile; fileRef = 3B8490401A0956B600CC6FD0 /* AppDelegate.swift */; };
		3B8490441A0956B600CC6FD0 /* dia.xcdatamodeld in Sources */ = {isa = PBXBuildFile; fileRef = 3B8490421A0956B600CC6FD0 /* dia.xcdatamodeld */; };
		3B8490461A0956B600CC6FD0 /* MasterViewController.swift in Sources */ = {isa = PBXBuildFile; fileRef = 3B8490451A0956B600CC6FD0 /* MasterViewController.swift */; };
		3B8490481A0956B600CC6FD0 /* DetailViewController.swift in Sources */ = {isa = PBXBuildFile; fileRef = 3B8490471A0956B600CC6FD0 /* DetailViewController.swift */; };
		3B84904B1A0956B600CC6FD0 /* Main.storyboard in Resources */ = {isa = PBXBuildFile; fileRef = 3B8490491A0956B600CC6FD0 /* Main.storyboard */; };
		3B84904D1A0956B600CC6FD0 /* Images.xcassets in Resources */ = {isa = PBXBuildFile; fileRef = 3B84904C1A0956B600CC6FD0 /* Images.xcassets */; };
		3B8490501A0956B600CC6FD0 /* LaunchScreen.xib in Resources */ = {isa = PBXBuildFile; fileRef = 3B84904E1A0956B600CC6FD0 /* LaunchScreen.xib */; };
		3B84905C1A0956B600CC6FD0 /* diaTests.swift in Sources */ = {isa = PBXBuildFile; fileRef = 3B84905B1A0956B600CC6FD0 /* diaTests.swift */; };
/* End PBXBuildFile section */

/* Begin PBXContainerItemProxy section */
		3B8490561A0956B600CC6FD0 /* PBXContainerItemProxy */ = {
			isa = PBXContainerItemProxy;
			containerPortal = 3B8490331A0956B600CC6FD0 /* Project object */;
			proxyType = 1;
			remoteGlobalIDString = 3B84903A1A0956B600CC6FD0;
			remoteInfo = dia;
		};
/* End PBXContainerItemProxy section */

/* Begin PBXFileReference section */
		3B84903B1A0956B600CC6FD0 /* dia.app */ = {isa = PBXFileReference; explicitFileType = wrapper.application; includeInIndex = 0; path = dia.app; sourceTree = BUILT_PRODUCTS_DIR; };
		3B84903F1A0956B600CC6FD0 /* Info.plist */ = {isa = PBXFileReference; lastKnownFileType = text.plist.xml; path = Info.plist; sourceTree = "<group>"; };
		3B8490401A0956B600CC6FD0 /* AppDelegate.swift */ = {isa = PBXFileReference; lastKnownFileType = sourcecode.swift; path = AppDelegate.swift; sourceTree = "<group>"; };
		3B8490431A0956B600CC6FD0 /* dia.xcdatamodel */ = {isa = PBXFileReference; lastKnownFileType = wrapper.xcdatamodel; path = dia.xcdatamodel; sourceTree = "<group>"; };
		3B8490451A0956B600CC6FD0 /* MasterViewController.swift */ = {isa = PBXFileReference; lastKnownFileType = sourcecode.swift; path = MasterViewController.swift; sourceTree = "<group>"; };
		3B8490471A0956B600CC6FD0 /* DetailViewController.swift */ = {isa = PBXFileReference; lastKnownFileType = sourcecode.swift; path = DetailViewController.swift; sourceTree = "<group>"; };
		3B84904A1A0956B600CC6FD0 /* Base */ = {isa = PBXFileReference; lastKnownFileType = file.storyboard; name = Base; path = Base.lproj/Main.storyboard; sourceTree = "<group>"; };
		3B84904C1A0956B600CC6FD0 /* Images.xcassets */ = {isa = PBXFileReference; lastKnownFileType = folder.assetcatalog; path = Images.xcassets; sourceTree = "<group>"; };
		3B84904F1A0956B600CC6FD0 /* Base */ = {isa = PBXFileReference; lastKnownFileType = file.xib; name = Base; path = Base.lproj/LaunchScreen.xib; sourceTree = "<group>"; };
		3B8490551A0956B600CC6FD0 /* diaTests.xctest */ = {isa = PBXFileReference; explicitFileType = wrapper.cfbundle; includeInIndex = 0; path = diaTests.xctest; sourceTree = BUILT_PRODUCTS_DIR; };
		3B84905A1A0956B600CC6FD0 /* Info.plist */ = {isa = PBXFileReference; lastKnownFileType = text.plist.xml; path = Info.plist; sourceTree = "<group>"; };
		3B84905B1A0956B600CC6FD0 /* diaTests.swift */ = {isa = PBXFileReference; lastKnownFileType = sourcecode.swift; path = diaTests.swift; sourceTree = "<group>"; };
/* End PBXFileReference section */

/* Begin PBXFrameworksBuildPhase section */
		3B8490381A0956B600CC6FD0 /* Frameworks */ = {
			isa = PBXFrameworksBuildPhase;
			buildActionMask = 2147483647;
			files = (
			);
			runOnlyForDeploymentPostprocessing = 0;
		};
		3B8490521A0956B600CC6FD0 /* Frameworks */ = {
			isa = PBXFrameworksBuildPhase;
			buildActionMask = 2147483647;
			files = (
			);
			runOnlyForDeploymentPostprocessing = 0;
		};
/* End PBXFrameworksBuildPhase section */

/* Begin PBXGroup section */
		3B8490321A0956B600CC6FD0 = {
			isa = PBXGroup;
			children = (
				3B84903D1A0956B600CC6FD0 /* dia */,
				3B8490581A0956B600CC6FD0 /* diaTests */,
				3B84903C1A0956B600CC6FD0 /* Products */,
			);
			sourceTree = "<group>";
		};
		3B84903C1A0956B600CC6FD0 /* Products */ = {
			isa = PBXGroup;
			children = (
				3B84903B1A0956B600CC6FD0 /* dia.app */,
				3B8490551A0956B600CC6FD0 /* diaTests.xctest */,
			);
			name = Products;
			sourceTree = "<group>";
		};
		3B84903D1A0956B600CC6FD0 /* dia */ = {
			isa = PBXGroup;
			children = (
				3B8490401A0956B600CC6FD0 /* AppDelegate.swift */,
				3B8490451A0956B600CC6FD0 /* MasterViewController.swift */,
				3B8490471A0956B600CC6FD0 /* DetailViewController.swift */,
				3B8490491A0956B600CC6FD0 /* Main.storyboard */,
				3B84904C1A0956B600CC6FD0 /* Images.xcassets */,
				3B84904E1A0956B600CC6FD0 /* LaunchScreen.xib */,
				3B8490421A0956B600CC6FD0 /* dia.xcdatamodeld */,
				3B84903E1A0956B600CC6FD0 /* Supporting Files */,
			);
			path = dia;
			sourceTree = "<group>";
		};
		3B84903E1A0956B600CC6FD0 /* Supporting Files */ = {
			isa = PBXGroup;
			children = (
				3B84903F1A0956B600CC6FD0 /* Info.plist */,
			);
			name = "Supporting Files";
			sourceTree = "<group>";
		};
		3B8490581A0956B600CC6FD0 /* diaTests */ = {
			isa = PBXGroup;
			children = (
				3B84905B1A0956B600CC6FD0 /* diaTests.swift */,
				3B8490591A0956B600CC6FD0 /* Supporting Files */,
			);
			path = diaTests;
			sourceTree = "<group>";
		};
		3B8490591A0956B600CC6FD0 /* Supporting Files */ = {
			isa = PBXGroup;
			children = (
				3B84905A1A0956B600CC6FD0 /* Info.plist */,
			);
			name = "Supporting Files";
			sourceTree = "<group>";
		};
/* End PBXGroup section */

/* Begin PBXNativeTarget section */
		3B84903A1A0956B600CC6FD0 /* dia */ = {
			isa = PBXNativeTarget;
			buildConfigurationList = 3B84905F1A0956B600CC6FD0 /* Build configuration list for PBXNativeTarget "dia" */;
			buildPhases = (
				3B8490371A0956B600CC6FD0 /* Sources */,
				3B8490381A0956B600CC6FD0 /* Frameworks */,
				3B8490391A0956B600CC6FD0 /* Resources */,
			);
			buildRules = (
			);
			dependencies = (
			);
			name = dia;
			productName = dia;
			productReference = 3B84903B1A0956B600CC6FD0 /* dia.app */;
			productType = "com.apple.product-type.application";
		};
		3B8490541A0956B600CC6FD0 /* diaTests */ = {
			isa = PBXNativeTarget;
			buildConfigurationList = 3B8490621A0956B600CC6FD0 /* Build configuration list for PBXNativeTarget "diaTests" */;
			buildPhases = (
				3B8490511A0956B600CC6FD0 /* Sources */,
				3B8490521A0956B600CC6FD0 /* Frameworks */,
				3B8490531A0956B600CC6FD0 /* Resources */,
			);
			buildRules = (
			);
			dependencies = (
				3B8490571A0956B600CC6FD0 /* PBXTargetDependency */,
			);
			name = diaTests;
			productName = diaTests;
			productReference = 3B8490551A0956B600CC6FD0 /* diaTests.xctest */;
			productType = "com.apple.product-type.bundle.unit-test";
		};
/* End PBXNativeTarget section */

/* Begin PBXProject section */
		3B8490331A0956B600CC6FD0 /* Project object */ = {
			isa = PBXProject;
			attributes = {
				LastUpgradeCheck = 0610;
				ORGANIZATIONNAME = "ali saleme";
				TargetAttributes = {
					3B84903A1A0956B600CC6FD0 = {
						CreatedOnToolsVersion = 6.1;
					};
					3B8490541A0956B600CC6FD0 = {
						CreatedOnToolsVersion = 6.1;
						TestTargetID = 3B84903A1A0956B600CC6FD0;
					};
				};
			};
			buildConfigurationList = 3B8490361A0956B600CC6FD0 /* Build configuration list for PBXProject "dia" */;
			compatibilityVersion = "Xcode 3.2";
			developmentRegion = English;
			hasScannedForEncodings = 0;
			knownRegions = (
				en,
				Base,
			);
			mainGroup = 3B8490321A0956B600CC6FD0;
			productRefGroup = 3B84903C1A0956B600CC6FD0 /* Products */;
			projectDirPath = "";
			projectRoot = "";
			targets = (
				3B84903A1A0956B600CC6FD0 /* dia */,
				3B8490541A0956B600CC6FD0 /* diaTests */,
			);
		};
/* End PBXProject section */

/* Begin PBXResourcesBuildPhase section */
		3B8490391A0956B600CC6FD0 /* Resources */ = {
			isa = PBXResourcesBuildPhase;
			buildActionMask = 2147483647;
			files = (
				3B84904B1A0956B600CC6FD0 /* Main.storyboard in Resources */,
				3B8490501A0956B600CC6FD0 /* LaunchScreen.xib in Resources */,
				3B84904D1A0956B600CC6FD0 /* Images.xcassets in Resources */,
			);
			runOnlyForDeploymentPostprocessing = 0;
		};
		3B8490531A0956B600CC6FD0 /* Resources */ = {
			isa = PBXResourcesBuildPhase;
			buildActionMask = 2147483647;
			files = (
			);
			runOnlyForDeploymentPostprocessing = 0;
		};
/* End PBXResourcesBuildPhase section */

/* Begin PBXSourcesBuildPhase section */
		3B8490371A0956B600CC6FD0 /* Sources */ = {
			isa = PBXSourcesBuildPhase;
			buildActionMask = 2147483647;
			files = (
				3B8490441A0956B600CC6FD0 /* dia.xcdatamodeld in Sources */,
				3B8490411A0956B600CC6FD0 /* AppDelegate.swift in Sources */,
				3B8490461A0956B600CC6FD0 /* MasterViewController.swift in Sources */,
				3B8490481A0956B600CC6FD0 /* DetailViewController.swift in Sources */,
			);
			runOnlyForDeploymentPostprocessing = 0;
		};
		3B8490511A0956B600CC6FD0 /* Sources */ = {
			isa = PBXSourcesBuildPhase;
			buildActionMask = 2147483647;
			files = (
				3B84905C1A0956B600CC6FD0 /* diaTests.swift in Sources */,
			);
			runOnlyForDeploymentPostprocessing = 0;
		};
/* End PBXSourcesBuildPhase section */

/* Begin PBXTargetDependency section */
		3B8490571A0956B600CC6FD0 /* PBXTargetDependency */ = {
			isa = PBXTargetDependency;
			target = 3B84903A1A0956B600CC6FD0 /* dia */;
			targetProxy = 3B8490561A0956B600CC6FD0 /* PBXContainerItemProxy */;
		};
/* End PBXTargetDependency section */

/* Begin PBXVariantGroup section */
		3B8490491A0956B600CC6FD0 /* Main.storyboard */ = {
			isa = PBXVariantGroup;
			children = (
				3B84904A1A0956B600CC6FD0 /* Base */,
			);
			name = Main.storyboard;
			sourceTree = "<group>";
		};
		3B84904E1A0956B600CC6FD0 /* LaunchScreen.xib */ = {
			isa = PBXVariantGroup;
			children = (
				3B84904F1A0956B600CC6FD0 /* Base */,
			);
			name = LaunchScreen.xib;
			sourceTree = "<group>";
		};
/* End PBXVariantGroup section */

/* Begin XCBuildConfiguration section */
		3B84905D1A0956B600CC6FD0 /* Debug */ = {
			isa = XCBuildConfiguration;
			buildSettings = {
				ALWAYS_SEARCH_USER_PATHS = NO;
				CLANG_CXX_LANGUAGE_STANDARD = "gnu++0x";
				CLANG_CXX_LIBRARY = "libc++";
				CLANG_ENABLE_MODULES = YES;
				CLANG_ENABLE_OBJC_ARC = YES;
				CLANG_WARN_BOOL_CONVERSION = YES;
				CLANG_WARN_CONSTANT_CONVERSION = YES;
				CLANG_WARN_DIRECT_OBJC_ISA_USAGE = YES_ERROR;
				CLANG_WARN_EMPTY_BODY = YES;
				CLANG_WARN_ENUM_CONVERSION = YES;
				CLANG_WARN_INT_CONVERSION = YES;
				CLANG_WARN_OBJC_ROOT_CLASS = YES_ERROR;
				CLANG_WARN_UNREACHABLE_CODE = YES;
				CLANG_WARN__DUPLICATE_METHOD_MATCH = YES;
				"CODE_SIGN_IDENTITY[sdk=iphoneos*]" = "iPhone Developer";
				COPY_PHASE_STRIP = NO;
				ENABLE_STRICT_OBJC_MSGSEND = YES;
				GCC_C_LANGUAGE_STANDARD = gnu99;
				GCC_DYNAMIC_NO_PIC = NO;
				GCC_OPTIMIZATION_LEVEL = 0;
				GCC_PREPROCESSOR_DEFINITIONS = (
					"DEBUG=1",
					"$(inherited)",
				);
				GCC_SYMBOLS_PRIVATE_EXTERN = NO;
				GCC_WARN_64_TO_32_BIT_CONVERSION = YES;
				GCC_WARN_ABOUT_RETURN_TYPE = YES_ERROR;
				GCC_WARN_UNDECLARED_SELECTOR = YES;
				GCC_WARN_UNINITIALIZED_AUTOS = YES_AGGRESSIVE;
				GCC_WARN_UNUSED_FUNCTION = YES;
				GCC_WARN_UNUSED_VARIABLE = YES;
				IPHONEOS_DEPLOYMENT_TARGET = 8.1;
				MTL_ENABLE_DEBUG_INFO = YES;
				ONLY_ACTIVE_ARCH = YES;
				SDKROOT = iphoneos;
				SWIFT_OPTIMIZATION_LEVEL = "-Onone";
			};
			name = Debug;
		};
		3B84905E1A0956B600CC6FD0 /* Release */ = {
			isa = XCBuildConfiguration;
			buildSettings = {
				ALWAYS_SEARCH_USER_PATHS = NO;
				CLANG_CXX_LANGUAGE_STANDARD = "gnu++0x";
				CLANG_CXX_LIBRARY = "libc++";
				CLANG_ENABLE_MODULES = YES;
				CLANG_ENABLE_OBJC_ARC = YES;
				CLANG_WARN_BOOL_CONVERSION = YES;
				CLANG_WARN_CONSTANT_CONVERSION = YES;
				CLANG_WARN_DIRECT_OBJC_ISA_USAGE = YES_ERROR;
				CLANG_WARN_EMPTY_BODY = YES;
				CLANG_WARN_ENUM_CONVERSION = YES;
				CLANG_WARN_INT_CONVERSION = YES;
				CLANG_WARN_OBJC_ROOT_CLASS = YES_ERROR;
				CLANG_WARN_UNREACHABLE_CODE = YES;
				CLANG_WARN__DUPLICATE_METHOD_MATCH = YES;
				"CODE_SIGN_IDENTITY[sdk=iphoneos*]" = "iPhone Developer";
				COPY_PHASE_STRIP = YES;
				ENABLE_NS_ASSERTIONS = NO;
				ENABLE_STRICT_OBJC_MSGSEND = YES;
				GCC_C_LANGUAGE_STANDARD = gnu99;
				GCC_WARN_64_TO_32_BIT_CONVERSION = YES;
				GCC_WARN_ABOUT_RETURN_TYPE = YES_ERROR;
				GCC_WARN_UNDECLARED_SELECTOR = YES;
				GCC_WARN_UNINITIALIZED_AUTOS = YES_AGGRESSIVE;
				GCC_WARN_UNUSED_FUNCTION = YES;
				GCC_WARN_UNUSED_VARIABLE = YES;
				IPHONEOS_DEPLOYMENT_TARGET = 8.1;
				MTL_ENABLE_DEBUG_INFO = NO;
				SDKROOT = iphoneos;
				VALIDATE_PRODUCT = YES;
			};
			name = Release;
		};
		3B8490601A0956B600CC6FD0 /* Debug */ = {
			isa = XCBuildConfiguration;
			buildSettings = {
				ASSETCATALOG_COMPILER_APPICON_NAME = AppIcon;
				INFOPLIST_FILE = dia/Info.plist;
				LD_RUNPATH_SEARCH_PATHS = "$(inherited) @executable_path/Frameworks";
				PRODUCT_NAME = "$(TARGET_NAME)";
			};
			name = Debug;
		};
		3B8490611A0956B600CC6FD0 /* Release */ = {
			isa = XCBuildConfiguration;
			buildSettings = {
				ASSETCATALOG_COMPILER_APPICON_NAME = AppIcon;
				INFOPLIST_FILE = dia/Info.plist;
				LD_RUNPATH_SEARCH_PATHS = "$(inherited) @executable_path/Frameworks";
				PRODUCT_NAME = "$(TARGET_NAME)";
			};
			name = Release;
		};
		3B8490631A0956B600CC6FD0 /* Debug */ = {
			isa = XCBuildConfiguration;
			buildSettings = {
				BUNDLE_LOADER = "$(TEST_HOST)";
				FRAMEWORK_SEARCH_PATHS = (
					"$(SDKROOT)/Developer/Library/Frameworks",
					"$(inherited)",
				);
				GCC_PREPROCESSOR_DEFINITIONS = (
					"DEBUG=1",
					"$(inherited)",
				);
				INFOPLIST_FILE = diaTests/Info.plist;
				LD_RUNPATH_SEARCH_PATHS = "$(inherited) @executable_path/Frameworks @loader_path/Frameworks";
				PRODUCT_NAME = "$(TARGET_NAME)";
				TEST_HOST = "$(BUILT_PRODUCTS_DIR)/dia.app/dia";
			};
			name = Debug;
		};
		3B8490641A0956B600CC6FD0 /* Release */ = {
			isa = XCBuildConfiguration;
			buildSettings = {
				BUNDLE_LOADER = "$(TEST_HOST)";
				FRAMEWORK_SEARCH_PATHS = (
					"$(SDKROOT)/Developer/Library/Frameworks",
					"$(inherited)",
				);
				INFOPLIST_FILE = diaTests/Info.plist;
				LD_RUNPATH_SEARCH_PATHS = "$(inherited) @executable_path/Frameworks @loader_path/Frameworks";
				PRODUCT_NAME = "$(TARGET_NAME)";
				TEST_HOST = "$(BUILT_PRODUCTS_DIR)/dia.app/dia";
			};
			name = Release;
		};
/* End XCBuildConfiguration section */

/* Begin XCConfigurationList section */
		3B8490361A0956B600CC6FD0 /* Build configuration list for PBXProject "dia" */ = {
			isa = XCConfigurationList;
			buildConfigurations = (
				3B84905D1A0956B600CC6FD0 /* Debug */,
				3B84905E1A0956B600CC6FD0 /* Release */,
			);
			defaultConfigurationIsVisible = 0;
			defaultConfigurationName = Release;
		};
		3B84905F1A0956B600CC6FD0 /* Build configuration list for PBXNativeTarget "dia" */ = {
			isa = XCConfigurationList;
			buildConfigurations = (
				3B8490601A0956B600CC6FD0 /* Debug */,
				3B8490611A0956B600CC6FD0 /* Release */,
			);
			defaultConfigurationIsVisible = 0;
		};
		3B8490621A0956B600CC6FD0 /* Build configuration list for PBXNativeTarget "diaTests" */ = {
			isa = XCConfigurationList;
			buildConfigurations = (
				3B8490631A0956B600CC6FD0 /* Debug */,
				3B8490641A0956B600CC6FD0 /* Release */,
			);
			defaultConfigurationIsVisible = 0;
		};
/* End XCConfigurationList section */

/* Begin XCVersionGroup section */
		3B8490421A0956B600CC6FD0 /* dia.xcdatamodeld */ = {
			isa = XCVersionGroup;
			children = (
				3B8490431A0956B600CC6FD0 /* dia.xcdatamodel */,
			);
			currentVersion = 3B8490431A0956B600CC6FD0 /* dia.xcdatamodel */;
			path = dia.xcdatamodeld;
			sourceTree = "<group>";
			versionGroupType = wrapper.xcdatamodel;
		};
/* End XCVersionGroup section */
	};
	rootObject = 3B8490331A0956B600CC6FD0 /* Project object */;
}
